// !$*UTF8*$!
{
	archiveVersion = 1;
	classes = {
	};
	objectVersion = 46;
	objects = {

/* Begin PBXBuildFile section */
		43AC845CD16CA677B7CBF820 /* Pods_SUT_Teen.framework in Frameworks */ = {isa = PBXBuildFile; fileRef = 86F1D5DE8E77F8D44DE05A28 /* Pods_SUT_Teen.framework */; };
		E1326FE41EAF9EBF0035901B /* GoogleService-Info.plist in Resources */ = {isa = PBXBuildFile; fileRef = E1326FE31EAF9EBF0035901B /* GoogleService-Info.plist */; };
		E133095B1EAE4C0F000B8D05 /* AppDelegate.swift in Sources */ = {isa = PBXBuildFile; fileRef = E133095A1EAE4C0F000B8D05 /* AppDelegate.swift */; };
		E133095D1EAE4C0F000B8D05 /* ViewController.swift in Sources */ = {isa = PBXBuildFile; fileRef = E133095C1EAE4C0F000B8D05 /* ViewController.swift */; };
		E13309601EAE4C0F000B8D05 /* Main.storyboard in Resources */ = {isa = PBXBuildFile; fileRef = E133095E1EAE4C0F000B8D05 /* Main.storyboard */; };
		E13309621EAE4C0F000B8D05 /* Assets.xcassets in Resources */ = {isa = PBXBuildFile; fileRef = E13309611EAE4C0F000B8D05 /* Assets.xcassets */; };
		E13309651EAE4C0F000B8D05 /* LaunchScreen.storyboard in Resources */ = {isa = PBXBuildFile; fileRef = E13309631EAE4C0F000B8D05 /* LaunchScreen.storyboard */; };
		E133096D1EAE7009000B8D05 /* License.rtf in Resources */ = {isa = PBXBuildFile; fileRef = E133096C1EAE7009000B8D05 /* License.rtf */; };
/* End PBXBuildFile section */

/* Begin PBXFileReference section */
		4754C42453A03DE2C49A0113 /* Pods-SUT-Teen.debug.xcconfig */ = {isa = PBXFileReference; includeInIndex = 1; lastKnownFileType = text.xcconfig; name = "Pods-SUT-Teen.debug.xcconfig"; path = "Pods/Target Support Files/Pods-SUT-Teen/Pods-SUT-Teen.debug.xcconfig"; sourceTree = "<group>"; };
		86F1D5DE8E77F8D44DE05A28 /* Pods_SUT_Teen.framework */ = {isa = PBXFileReference; explicitFileType = wrapper.framework; includeInIndex = 0; path = Pods_SUT_Teen.framework; sourceTree = BUILT_PRODUCTS_DIR; };
		D027E5B003B084CC58EF106B /* Pods-SUT-Teen.release.xcconfig */ = {isa = PBXFileReference; includeInIndex = 1; lastKnownFileType = text.xcconfig; name = "Pods-SUT-Teen.release.xcconfig"; path = "Pods/Target Support Files/Pods-SUT-Teen/Pods-SUT-Teen.release.xcconfig"; sourceTree = "<group>"; };
		E1326FE31EAF9EBF0035901B /* GoogleService-Info.plist */ = {isa = PBXFileReference; fileEncoding = 4; lastKnownFileType = text.plist.xml; path = "GoogleService-Info.plist"; sourceTree = "<group>"; };
		E13309571EAE4C0F000B8D05 /* SUT-Teen.app */ = {isa = PBXFileReference; explicitFileType = wrapper.application; includeInIndex = 0; path = "SUT-Teen.app"; sourceTree = BUILT_PRODUCTS_DIR; };
		E133095A1EAE4C0F000B8D05 /* AppDelegate.swift */ = {isa = PBXFileReference; lastKnownFileType = sourcecode.swift; path = AppDelegate.swift; sourceTree = "<group>"; };
		E133095C1EAE4C0F000B8D05 /* ViewController.swift */ = {isa = PBXFileReference; lastKnownFileType = sourcecode.swift; path = ViewController.swift; sourceTree = "<group>"; };
		E133095F1EAE4C0F000B8D05 /* Base */ = {isa = PBXFileReference; lastKnownFileType = file.storyboard; name = Base; path = Base.lproj/Main.storyboard; sourceTree = "<group>"; };
		E13309611EAE4C0F000B8D05 /* Assets.xcassets */ = {isa = PBXFileReference; lastKnownFileType = folder.assetcatalog; path = Assets.xcassets; sourceTree = "<group>"; };
		E13309641EAE4C0F000B8D05 /* Base */ = {isa = PBXFileReference; lastKnownFileType = file.storyboard; name = Base; path = Base.lproj/LaunchScreen.storyboard; sourceTree = "<group>"; };
		E13309661EAE4C0F000B8D05 /* Info.plist */ = {isa = PBXFileReference; lastKnownFileType = text.plist.xml; path = Info.plist; sourceTree = "<group>"; };
		E133096C1EAE7009000B8D05 /* License.rtf */ = {isa = PBXFileReference; fileEncoding = 4; lastKnownFileType = text.rtf; path = License.rtf; sourceTree = "<group>"; };
/* End PBXFileReference section */

/* Begin PBXFrameworksBuildPhase section */
		E13309541EAE4C0F000B8D05 /* Frameworks */ = {
			isa = PBXFrameworksBuildPhase;
			buildActionMask = 2147483647;
			files = (
				43AC845CD16CA677B7CBF820 /* Pods_SUT_Teen.framework in Frameworks */,
			);
			runOnlyForDeploymentPostprocessing = 0;
		};
/* End PBXFrameworksBuildPhase section */

/* Begin PBXGroup section */
		A543BEDB5A1C3A06A06B4E46 /* Frameworks */ = {
			isa = PBXGroup;
			children = (
				86F1D5DE8E77F8D44DE05A28 /* Pods_SUT_Teen.framework */,
			);
			name = Frameworks;
			sourceTree = "<group>";
		};
		A8BE1DBC8352CC25687560BF /* Pods */ = {
			isa = PBXGroup;
			children = (
				4754C42453A03DE2C49A0113 /* Pods-SUT-Teen.debug.xcconfig */,
				D027E5B003B084CC58EF106B /* Pods-SUT-Teen.release.xcconfig */,
			);
			name = Pods;
			sourceTree = "<group>";
		};
		E133094E1EAE4C0F000B8D05 = {
			isa = PBXGroup;
			children = (
				E13309591EAE4C0F000B8D05 /* SUT-Teen */,
				E13309581EAE4C0F000B8D05 /* Products */,
				A8BE1DBC8352CC25687560BF /* Pods */,
				A543BEDB5A1C3A06A06B4E46 /* Frameworks */,
			);
			sourceTree = "<group>";
		};
		E13309581EAE4C0F000B8D05 /* Products */ = {
			isa = PBXGroup;
			children = (
				E13309571EAE4C0F000B8D05 /* SUT-Teen.app */,
			);
			name = Products;
			sourceTree = "<group>";
		};
		E13309591EAE4C0F000B8D05 /* SUT-Teen */ = {
			isa = PBXGroup;
			children = (
				E133095A1EAE4C0F000B8D05 /* AppDelegate.swift */,
				E133095C1EAE4C0F000B8D05 /* ViewController.swift */,
				E133095E1EAE4C0F000B8D05 /* Main.storyboard */,
				E13309611EAE4C0F000B8D05 /* Assets.xcassets */,
				E13309631EAE4C0F000B8D05 /* LaunchScreen.storyboard */,
				E13309661EAE4C0F000B8D05 /* Info.plist */,
				E1326FE31EAF9EBF0035901B /* GoogleService-Info.plist */,
				E133096C1EAE7009000B8D05 /* License.rtf */,
			);
			path = "SUT-Teen";
			sourceTree = "<group>";
		};
/* End PBXGroup section */

/* Begin PBXNativeTarget section */
		E13309561EAE4C0F000B8D05 /* SUT-Teen */ = {
			isa = PBXNativeTarget;
			buildConfigurationList = E13309691EAE4C0F000B8D05 /* Build configuration list for PBXNativeTarget "SUT-Teen" */;
			buildPhases = (
				E647A805BF782CF61088732E /* [CP] Check Pods Manifest.lock */,
				E13309531EAE4C0F000B8D05 /* Sources */,
				E13309541EAE4C0F000B8D05 /* Frameworks */,
				E13309551EAE4C0F000B8D05 /* Resources */,
				869C175675D2A3198A3F4B2A /* [CP] Embed Pods Frameworks */,
				911190C83AD59BEAA238CACC /* [CP] Copy Pods Resources */,
			);
			buildRules = (
			);
			dependencies = (
			);
			name = "SUT-Teen";
			productName = "SUT-Teen";
			productReference = E13309571EAE4C0F000B8D05 /* SUT-Teen.app */;
			productType = "com.apple.product-type.application";
		};
/* End PBXNativeTarget section */

/* Begin PBXProject section */
		E133094F1EAE4C0F000B8D05 /* Project object */ = {
			isa = PBXProject;
			attributes = {
				LastSwiftUpdateCheck = 0830;
				LastUpgradeCheck = 0830;
				ORGANIZATIONNAME = "Bhuridech Sudsee";
				TargetAttributes = {
					E13309561EAE4C0F000B8D05 = {
						CreatedOnToolsVersion = 8.3.2;
						DevelopmentTeam = V557P27AM6;
						ProvisioningStyle = Automatic;
					};
				};
			};
			buildConfigurationList = E13309521EAE4C0F000B8D05 /* Build configuration list for PBXProject "SUT-Teen" */;
			compatibilityVersion = "Xcode 3.2";
			developmentRegion = English;
			hasScannedForEncodings = 0;
			knownRegions = (
				en,
				Base,
			);
			mainGroup = E133094E1EAE4C0F000B8D05;
			productRefGroup = E13309581EAE4C0F000B8D05 /* Products */;
			projectDirPath = "";
			projectRoot = "";
			targets = (
				E13309561EAE4C0F000B8D05 /* SUT-Teen */,
			);
		};
/* End PBXProject section */

/* Begin PBXResourcesBuildPhase section */
		E13309551EAE4C0F000B8D05 /* Resources */ = {
			isa = PBXResourcesBuildPhase;
			buildActionMask = 2147483647;
			files = (
				E133096D1EAE7009000B8D05 /* License.rtf in Resources */,
				E13309651EAE4C0F000B8D05 /* LaunchScreen.storyboard in Resources */,
				E1326FE41EAF9EBF0035901B /* GoogleService-Info.plist in Resources */,
				E13309621EAE4C0F000B8D05 /* Assets.xcassets in Resources */,
				E13309601EAE4C0F000B8D05 /* Main.storyboard in Resources */,
			);
			runOnlyForDeploymentPostprocessing = 0;
		};
/* End PBXResourcesBuildPhase section */

/* Begin PBXShellScriptBuildPhase section */
		869C175675D2A3198A3F4B2A /* [CP] Embed Pods Frameworks */ = {
			isa = PBXShellScriptBuildPhase;
			buildActionMask = 2147483647;
			files = (
			);
			inputPaths = (
			);
			name = "[CP] Embed Pods Frameworks";
			outputPaths = (
			);
			runOnlyForDeploymentPostprocessing = 0;
			shellPath = /bin/sh;
			shellScript = "\"${SRCROOT}/Pods/Target Support Files/Pods-SUT-Teen/Pods-SUT-Teen-frameworks.sh\"\n";
			showEnvVarsInLog = 0;
		};
		911190C83AD59BEAA238CACC /* [CP] Copy Pods Resources */ = {
			isa = PBXShellScriptBuildPhase;
			buildActionMask = 2147483647;
			files = (
			);
			inputPaths = (
			);
			name = "[CP] Copy Pods Resources";
			outputPaths = (
			);
			runOnlyForDeploymentPostprocessing = 0;
			shellPath = /bin/sh;
			shellScript = "\"${SRCROOT}/Pods/Target Support Files/Pods-SUT-Teen/Pods-SUT-Teen-resources.sh\"\n";
			showEnvVarsInLog = 0;
		};
		E647A805BF782CF61088732E /* [CP] Check Pods Manifest.lock */ = {
			isa = PBXShellScriptBuildPhase;
			buildActionMask = 2147483647;
			files = (
			);
			inputPaths = (
			);
			name = "[CP] Check Pods Manifest.lock";
			outputPaths = (
			);
			runOnlyForDeploymentPostprocessing = 0;
			shellPath = /bin/sh;
			shellScript = "diff \"${PODS_PODFILE_DIR_PATH}/Podfile.lock\" \"${PODS_ROOT}/Manifest.lock\" > /dev/null\nif [ $? != 0 ] ; then\n    # print error to STDERR\n    echo \"error: The sandbox is not in sync with the Podfile.lock. Run 'pod install' or update your CocoaPods installation.\" >&2\n    exit 1\nfi\n";
			showEnvVarsInLog = 0;
		};
/* End PBXShellScriptBuildPhase section */

/* Begin PBXSourcesBuildPhase section */
		E13309531EAE4C0F000B8D05 /* Sources */ = {
			isa = PBXSourcesBuildPhase;
			buildActionMask = 2147483647;
			files = (
				E133095D1EAE4C0F000B8D05 /* ViewController.swift in Sources */,
				E133095B1EAE4C0F000B8D05 /* AppDelegate.swift in Sources */,
			);
			runOnlyForDeploymentPostprocessing = 0;
		};
/* End PBXSourcesBuildPhase section */

/* Begin PBXVariantGroup section */
		E133095E1EAE4C0F000B8D05 /* Main.storyboard */ = {
			isa = PBXVariantGroup;
			children = (
				E133095F1EAE4C0F000B8D05 /* Base */,
			);
			name = Main.storyboard;
			sourceTree = "<group>";
		};
		E13309631EAE4C0F000B8D05 /* LaunchScreen.storyboard */ = {
			isa = PBXVariantGroup;
			children = (
				E13309641EAE4C0F000B8D05 /* Base */,
			);
			name = LaunchScreen.storyboard;
			sourceTree = "<group>";
		};
/* End PBXVariantGroup section */

/* Begin XCBuildConfiguration section */
		E13309671EAE4C0F000B8D05 /* Debug */ = {
			isa = XCBuildConfiguration;
			buildSettings = {
				ALWAYS_SEARCH_USER_PATHS = NO;
				CLANG_ANALYZER_NONNULL = YES;
				CLANG_ANALYZER_NUMBER_OBJECT_CONVERSION = YES_AGGRESSIVE;
				CLANG_CXX_LANGUAGE_STANDARD = "gnu++0x";
				CLANG_CXX_LIBRARY = "libc++";
				CLANG_ENABLE_MODULES = YES;
				CLANG_ENABLE_OBJC_ARC = YES;
				CLANG_WARN_BOOL_CONVERSION = YES;
				CLANG_WARN_CONSTANT_CONVERSION = YES;
				CLANG_WARN_DIRECT_OBJC_ISA_USAGE = YES_ERROR;
				CLANG_WARN_DOCUMENTATION_COMMENTS = YES;
				CLANG_WARN_EMPTY_BODY = YES;
				CLANG_WARN_ENUM_CONVERSION = YES;
				CLANG_WARN_INFINITE_RECURSION = YES;
				CLANG_WARN_INT_CONVERSION = YES;
				CLANG_WARN_OBJC_ROOT_CLASS = YES_ERROR;
				CLANG_WARN_SUSPICIOUS_MOVE = YES;
				CLANG_WARN_UNREACHABLE_CODE = YES;
				CLANG_WARN__DUPLICATE_METHOD_MATCH = YES;
				"CODE_SIGN_IDENTITY[sdk=iphoneos*]" = "iPhone Developer";
				COPY_PHASE_STRIP = NO;
				DEBUG_INFORMATION_FORMAT = dwarf;
				ENABLE_STRICT_OBJC_MSGSEND = YES;
				ENABLE_TESTABILITY = YES;
				GCC_C_LANGUAGE_STANDARD = gnu99;
				GCC_DYNAMIC_NO_PIC = NO;
				GCC_NO_COMMON_BLOCKS = YES;
				GCC_OPTIMIZATION_LEVEL = 0;
				GCC_PREPROCESSOR_DEFINITIONS = (
					"DEBUG=1",
					"$(inherited)",
				);
				GCC_WARN_64_TO_32_BIT_CONVERSION = YES;
				GCC_WARN_ABOUT_RETURN_TYPE = YES_ERROR;
				GCC_WARN_UNDECLARED_SELECTOR = YES;
				GCC_WARN_UNINITIALIZED_AUTOS = YES_AGGRESSIVE;
				GCC_WARN_UNUSED_FUNCTION = YES;
				GCC_WARN_UNUSED_VARIABLE = YES;
				IPHONEOS_DEPLOYMENT_TARGET = 10.3;
				MTL_ENABLE_DEBUG_INFO = YES;
				ONLY_ACTIVE_ARCH = YES;
				SDKROOT = iphoneos;
				SWIFT_ACTIVE_COMPILATION_CONDITIONS = DEBUG;
				SWIFT_OPTIMIZATION_LEVEL = "-Onone";
				TARGETED_DEVICE_FAMILY = "1,2";
			};
			name = Debug;
		};
		E13309681EAE4C0F000B8D05 /* Release */ = {
			isa = XCBuildConfiguration;
			buildSettings = {
				ALWAYS_SEARCH_USER_PATHS = NO;
				CLANG_ANALYZER_NONNULL = YES;
				CLANG_ANALYZER_NUMBER_OBJECT_CONVERSION = YES_AGGRESSIVE;
				CLANG_CXX_LANGUAGE_STANDARD = "gnu++0x";
				CLANG_CXX_LIBRARY = "libc++";
				CLANG_ENABLE_MODULES = YES;
				CLANG_ENABLE_OBJC_ARC = YES;
				CLANG_WARN_BOOL_CONVERSION = YES;
				CLANG_WARN_CONSTANT_CONVERSION = YES;
				CLANG_WARN_DIRECT_OBJC_ISA_USAGE = YES_ERROR;
				CLANG_WARN_DOCUMENTATION_COMMENTS = YES;
				CLANG_WARN_EMPTY_BODY = YES;
				CLANG_WARN_ENUM_CONVERSION = YES;
				CLANG_WARN_INFINITE_RECURSION = YES;
				CLANG_WARN_INT_CONVERSION = YES;
				CLANG_WARN_OBJC_ROOT_CLASS = YES_ERROR;
				CLANG_WARN_SUSPICIOUS_MOVE = YES;
				CLANG_WARN_UNREACHABLE_CODE = YES;
				CLANG_WARN__DUPLICATE_METHOD_MATCH = YES;
				"CODE_SIGN_IDENTITY[sdk=iphoneos*]" = "iPhone Developer";
				COPY_PHASE_STRIP = NO;
				DEBUG_INFORMATION_FORMAT = "dwarf-with-dsym";
				ENABLE_NS_ASSERTIONS = NO;
				ENABLE_STRICT_OBJC_MSGSEND = YES;
				GCC_C_LANGUAGE_STANDARD = gnu99;
				GCC_NO_COMMON_BLOCKS = YES;
				GCC_WARN_64_TO_32_BIT_CONVERSION = YES;
				GCC_WARN_ABOUT_RETURN_TYPE = YES_ERROR;
				GCC_WARN_UNDECLARED_SELECTOR = YES;
				GCC_WARN_UNINITIALIZED_AUTOS = YES_AGGRESSIVE;
				GCC_WARN_UNUSED_FUNCTION = YES;
				GCC_WARN_UNUSED_VARIABLE = YES;
				IPHONEOS_DEPLOYMENT_TARGET = 10.3;
				MTL_ENABLE_DEBUG_INFO = NO;
				SDKROOT = iphoneos;
				SWIFT_OPTIMIZATION_LEVEL = "-Owholemodule";
				TARGETED_DEVICE_FAMILY = "1,2";
				VALIDATE_PRODUCT = YES;
			};
			name = Release;
		};
		E133096A1EAE4C0F000B8D05 /* Debug */ = {
			isa = XCBuildConfiguration;
			baseConfigurationReference = 4754C42453A03DE2C49A0113 /* Pods-SUT-Teen.debug.xcconfig */;
			buildSettings = {
				ASSETCATALOG_COMPILER_APPICON_NAME = AppIcon;
				DEVELOPMENT_TEAM = V557P27AM6;
				INFOPLIST_FILE = "SUT-Teen/Info.plist";
				LD_RUNPATH_SEARCH_PATHS = "$(inherited) @executable_path/Frameworks";
				PRODUCT_BUNDLE_IDENTIFIER = com.aorjoa.sutteen;
				PRODUCT_NAME = "$(TARGET_NAME)";
				SWIFT_VERSION = 3.0;
			};
			name = Debug;
		};
		E133096B1EAE4C0F000B8D05 /* Release */ = {
			isa = XCBuildConfiguration;
			baseConfigurationReference = D027E5B003B084CC58EF106B /* Pods-SUT-Teen.release.xcconfig */;
			buildSettings = {
				ASSETCATALOG_COMPILER_APPICON_NAME = AppIcon;
				DEVELOPMENT_TEAM = V557P27AM6;
				INFOPLIST_FILE = "SUT-Teen/Info.plist";
				LD_RUNPATH_SEARCH_PATHS = "$(inherited) @executable_path/Frameworks";
				PRODUCT_BUNDLE_IDENTIFIER = com.aorjoa.sutteen;
				PRODUCT_NAME = "$(TARGET_NAME)";
				SWIFT_VERSION = 3.0;
			};
			name = Release;
		};
/* End XCBuildConfiguration section */

/* Begin XCConfigurationList section */
		E13309521EAE4C0F000B8D05 /* Build configuration list for PBXProject "SUT-Teen" */ = {
			isa = XCConfigurationList;
			buildConfigurations = (
				E13309671EAE4C0F000B8D05 /* Debug */,
				E13309681EAE4C0F000B8D05 /* Release */,
			);
			defaultConfigurationIsVisible = 0;
			defaultConfigurationName = Release;
		};
		E13309691EAE4C0F000B8D05 /* Build configuration list for PBXNativeTarget "SUT-Teen" */ = {
			isa = XCConfigurationList;
			buildConfigurations = (
				E133096A1EAE4C0F000B8D05 /* Debug */,
				E133096B1EAE4C0F000B8D05 /* Release */,
			);
			defaultConfigurationIsVisible = 0;
			defaultConfigurationName = Release;
		};
/* End XCConfigurationList section */
	};
	rootObject = E133094F1EAE4C0F000B8D05 /* Project object */;
}
